
Microsoft Visual Studio Solution File, Format Version 12.00
# Visual Studio Version 17
VisualStudioVersion = 17.4.33403.182
MinimumVisualStudioVersion = 10.0.40219.1
Project("{FAE04EC0-301F-11D3-BF4B-00C04F79EFBC}") = "CheapSkies", "CheapSkies\CheapSkies.csproj", "{B89264AA-C407-4A72-BBF1-B09C5485DF23}"
EndProject
Global
	GlobalSection(SolutionConfigurationPlatforms) = preSolution
		Debug|Any CPU = Debug|Any CPU
		Release|Any CPU = Release|Any CPU
	EndGlobalSection
	GlobalSection(ProjectConfigurationPlatforms) = postSolution
		{B89264AA-C407-4A72-BBF1-B09C5485DF23}.Debug|Any CPU.ActiveCfg = Debug|Any CPU
		{B89264AA-C407-4A72-BBF1-B09C5485DF23}.Debug|Any CPU.Build.0 = Debug|Any CPU
		{B89264AA-C407-4A72-BBF1-B09C5485DF23}.Release|Any CPU.ActiveCfg = Release|Any CPU
		{B89264AA-C407-4A72-BBF1-B09C5485DF23}.Release|Any CPU.Build.0 = Release|Any CPU
	EndGlobalSection
	GlobalSection(SolutionProperties) = preSolution
		HideSolutionNode = FALSE
	EndGlobalSection
	GlobalSection(ExtensibilityGlobals) = postSolution
		SolutionGuid = {36D174F1-F193-4BBB-9D5A-27703C9FFB7F}
	EndGlobalSection
EndGlobal
