
Microsoft Visual Studio Solution File, Format Version 12.00
# Visual Studio Version 17
VisualStudioVersion = 17.4.33403.182
MinimumVisualStudioVersion = 10.0.40219.1
Project("{9A19103F-16F7-4668-BE54-9A1E7A4F7556}") = "CheapSkies.Infrastructure", "CheapSkies.Infrastructure\CheapSkies.Infrastructure.csproj", "{A761CE6B-F259-43B1-AFB3-50F3C3EE52D3}"
EndProject
Project("{9A19103F-16F7-4668-BE54-9A1E7A4F7556}") = "CheapSkies.Model", "CheapSkies.Model\CheapSkies.Model.csproj", "{24B7FA0E-E5BC-4BEF-949B-A69B4C327827}"
EndProject
Project("{9A19103F-16F7-4668-BE54-9A1E7A4F7556}") = "CheapSkies.View", "CheapSikes.View\CheapSkies.View.csproj", "{C6D6DF03-1F70-4667-A6EB-4256BFE4C8BB}"
EndProject
Project("{9A19103F-16F7-4668-BE54-9A1E7A4F7556}") = "CheapSkies.Controller", "CheapSkies.Controller\CheapSkies.Controller.csproj", "{1DBB4B8A-E4F2-4351-9E8D-5F63CEDFB8A5}"
EndProject
Project("{2150E333-8FDC-42A3-9474-1A3956D46DE8}") = "GeneralInterfaces", "GeneralInterfaces", "{ABDB7886-4A5C-4892-8568-E67B356342DC}"
EndProject
Project("{9A19103F-16F7-4668-BE54-9A1E7A4F7556}") = "Interfaces", "IValidateDate\Interfaces.csproj", "{C2B5EF13-4240-4B8D-9246-2D47C9C06C74}"
EndProject
Project("{9A19103F-16F7-4668-BE54-9A1E7A4F7556}") = "CheapSkiesFinal", "CheapSkiesFinal\CheapSkiesFinal.csproj", "{9DE82303-B0B4-46FB-B8AB-F21B6C5E1618}"
EndProject
Project("{2150E333-8FDC-42A3-9474-1A3956D46DE8}") = "UnitTests", "UnitTests", "{0784DDD6-F3D2-4375-AD42-5C3CACE2C0DE}"
EndProject
Project("{9A19103F-16F7-4668-BE54-9A1E7A4F7556}") = "Unit Tests", "TestProject4\Unit Tests.csproj", "{45113FB9-D803-4837-941E-1AC96F8ADD47}"
EndProject
Global
	GlobalSection(SolutionConfigurationPlatforms) = preSolution
		Debug|Any CPU = Debug|Any CPU
		Release|Any CPU = Release|Any CPU
	EndGlobalSection
	GlobalSection(ProjectConfigurationPlatforms) = postSolution
		{A761CE6B-F259-43B1-AFB3-50F3C3EE52D3}.Debug|Any CPU.ActiveCfg = Debug|Any CPU
		{A761CE6B-F259-43B1-AFB3-50F3C3EE52D3}.Debug|Any CPU.Build.0 = Debug|Any CPU
		{A761CE6B-F259-43B1-AFB3-50F3C3EE52D3}.Release|Any CPU.ActiveCfg = Release|Any CPU
		{A761CE6B-F259-43B1-AFB3-50F3C3EE52D3}.Release|Any CPU.Build.0 = Release|Any CPU
		{24B7FA0E-E5BC-4BEF-949B-A69B4C327827}.Debug|Any CPU.ActiveCfg = Debug|Any CPU
		{24B7FA0E-E5BC-4BEF-949B-A69B4C327827}.Debug|Any CPU.Build.0 = Debug|Any CPU
		{24B7FA0E-E5BC-4BEF-949B-A69B4C327827}.Release|Any CPU.ActiveCfg = Release|Any CPU
		{24B7FA0E-E5BC-4BEF-949B-A69B4C327827}.Release|Any CPU.Build.0 = Release|Any CPU
		{C6D6DF03-1F70-4667-A6EB-4256BFE4C8BB}.Debug|Any CPU.ActiveCfg = Debug|Any CPU
		{C6D6DF03-1F70-4667-A6EB-4256BFE4C8BB}.Debug|Any CPU.Build.0 = Debug|Any CPU
		{C6D6DF03-1F70-4667-A6EB-4256BFE4C8BB}.Release|Any CPU.ActiveCfg = Release|Any CPU
		{C6D6DF03-1F70-4667-A6EB-4256BFE4C8BB}.Release|Any CPU.Build.0 = Release|Any CPU
		{1DBB4B8A-E4F2-4351-9E8D-5F63CEDFB8A5}.Debug|Any CPU.ActiveCfg = Debug|Any CPU
		{1DBB4B8A-E4F2-4351-9E8D-5F63CEDFB8A5}.Debug|Any CPU.Build.0 = Debug|Any CPU
		{1DBB4B8A-E4F2-4351-9E8D-5F63CEDFB8A5}.Release|Any CPU.ActiveCfg = Release|Any CPU
		{1DBB4B8A-E4F2-4351-9E8D-5F63CEDFB8A5}.Release|Any CPU.Build.0 = Release|Any CPU
		{C2B5EF13-4240-4B8D-9246-2D47C9C06C74}.Debug|Any CPU.ActiveCfg = Debug|Any CPU
		{C2B5EF13-4240-4B8D-9246-2D47C9C06C74}.Debug|Any CPU.Build.0 = Debug|Any CPU
		{C2B5EF13-4240-4B8D-9246-2D47C9C06C74}.Release|Any CPU.ActiveCfg = Release|Any CPU
		{C2B5EF13-4240-4B8D-9246-2D47C9C06C74}.Release|Any CPU.Build.0 = Release|Any CPU
		{9DE82303-B0B4-46FB-B8AB-F21B6C5E1618}.Debug|Any CPU.ActiveCfg = Debug|Any CPU
		{9DE82303-B0B4-46FB-B8AB-F21B6C5E1618}.Debug|Any CPU.Build.0 = Debug|Any CPU
		{9DE82303-B0B4-46FB-B8AB-F21B6C5E1618}.Release|Any CPU.ActiveCfg = Release|Any CPU
		{9DE82303-B0B4-46FB-B8AB-F21B6C5E1618}.Release|Any CPU.Build.0 = Release|Any CPU
		{45113FB9-D803-4837-941E-1AC96F8ADD47}.Debug|Any CPU.ActiveCfg = Debug|Any CPU
		{45113FB9-D803-4837-941E-1AC96F8ADD47}.Debug|Any CPU.Build.0 = Debug|Any CPU
		{45113FB9-D803-4837-941E-1AC96F8ADD47}.Release|Any CPU.ActiveCfg = Release|Any CPU
		{45113FB9-D803-4837-941E-1AC96F8ADD47}.Release|Any CPU.Build.0 = Release|Any CPU
	EndGlobalSection
	GlobalSection(SolutionProperties) = preSolution
		HideSolutionNode = FALSE
	EndGlobalSection
	GlobalSection(NestedProjects) = preSolution
		{C2B5EF13-4240-4B8D-9246-2D47C9C06C74} = {ABDB7886-4A5C-4892-8568-E67B356342DC}
		{45113FB9-D803-4837-941E-1AC96F8ADD47} = {0784DDD6-F3D2-4375-AD42-5C3CACE2C0DE}
	EndGlobalSection
	GlobalSection(ExtensibilityGlobals) = postSolution
		SolutionGuid = {36D174F1-F193-4BBB-9D5A-27703C9FFB7F}
	EndGlobalSection
EndGlobal
