
Microsoft Visual Studio Solution File, Format Version 12.00
# Visual Studio Version 17
VisualStudioVersion = 17.4.33403.182
MinimumVisualStudioVersion = 10.0.40219.1
Project("{9A19103F-16F7-4668-BE54-9A1E7A4F7556}") = "CheapSkies.Infrastructure", "CheapSkies.Infrastructure\CheapSkies.Infrastructure.csproj", "{A761CE6B-F259-43B1-AFB3-50F3C3EE52D3}"
EndProject
Project("{9A19103F-16F7-4668-BE54-9A1E7A4F7556}") = "CheapSkies.Model", "CheapSkies.Model\CheapSkies.Model.csproj", "{24B7FA0E-E5BC-4BEF-949B-A69B4C327827}"
EndProject
Project("{9A19103F-16F7-4668-BE54-9A1E7A4F7556}") = "CheapSkies.View", "CheapSikes.View\CheapSkies.View.csproj", "{C6D6DF03-1F70-4667-A6EB-4256BFE4C8BB}"
EndProject
Project("{9A19103F-16F7-4668-BE54-9A1E7A4F7556}") = "CheapSkies.Controller", "CheapSkies.Controller\CheapSkies.Controller.csproj", "{1DBB4B8A-E4F2-4351-9E8D-5F63CEDFB8A5}"
EndProject
Project("{2150E333-8FDC-42A3-9474-1A3956D46DE8}") = "Unit Test for Validators", "Unit Test for Validators", "{6EFCF10E-1BD2-4D23-9F7E-9C0AA18D1EC9}"
EndProject
Project("{2150E333-8FDC-42A3-9474-1A3956D46DE8}") = "Record Validator Unit Tests", "Record Validator Unit Tests", "{36DC873B-9DFD-4412-A2E4-13801E9403D4}"
EndProject
Project("{2150E333-8FDC-42A3-9474-1A3956D46DE8}") = "Passenger Validator Unit Tests", "Passenger Validator Unit Tests", "{81BE7A45-6B05-474C-851F-E947B5B6DF70}"
EndProject
Project("{2150E333-8FDC-42A3-9474-1A3956D46DE8}") = "Flight Validator Unit Tests", "Flight Validator Unit Tests", "{50DDA958-225E-441E-A135-8E30B1C242CF}"
EndProject
Project("{2150E333-8FDC-42A3-9474-1A3956D46DE8}") = "Reservation Validator Unit Tests", "Reservation Validator Unit Tests", "{AB9C4306-19DB-4025-9925-4775A1464BE6}"
EndProject
Project("{9A19103F-16F7-4668-BE54-9A1E7A4F7556}") = "RecordValidatorUnitTest", "ValidateAirlineCodeUnitTest\RecordValidatorUnitTest.csproj", "{AAC238A7-A329-4BCC-B5B0-08C238A9C2E4}"
EndProject
Project("{9A19103F-16F7-4668-BE54-9A1E7A4F7556}") = "FlightValidatorUnitTest", "ValidateTimeFormat\FlightValidatorUnitTest.csproj", "{BB96ABF2-07AE-4616-BEF4-F8A7D706CCFC}"
EndProject
Project("{9A19103F-16F7-4668-BE54-9A1E7A4F7556}") = "PassengerValidatorUnitTest", "PassengerValidatorUnitTest\PassengerValidatorUnitTest.csproj", "{733F5C2E-F692-448E-B0EB-9F7930A11488}"
EndProject
Project("{2150E333-8FDC-42A3-9474-1A3956D46DE8}") = "GeneralInterfaces", "GeneralInterfaces", "{ABDB7886-4A5C-4892-8568-E67B356342DC}"
EndProject
Project("{2150E333-8FDC-42A3-9474-1A3956D46DE8}") = "Unit Test for Controllers", "Unit Test for Controllers", "{2DD8D2F8-F1B1-4B4C-9F0E-4B57CCA1A6A3}"
EndProject
Project("{9A19103F-16F7-4668-BE54-9A1E7A4F7556}") = "PassengerUnitTest", "PassengerUnitTest\PassengerUnitTest.csproj", "{0CC48389-4367-41F3-9355-E9522327D1CF}"
EndProject
Project("{9A19103F-16F7-4668-BE54-9A1E7A4F7556}") = "Interfaces", "IValidateDate\Interfaces.csproj", "{C2B5EF13-4240-4B8D-9246-2D47C9C06C74}"
EndProject
Project("{9A19103F-16F7-4668-BE54-9A1E7A4F7556}") = "ReservationValidatorUnitTest", "TestProject1\ReservationValidatorUnitTest.csproj", "{B655DC74-877C-451B-9E19-FFD5548C309E}"
EndProject
Project("{9A19103F-16F7-4668-BE54-9A1E7A4F7556}") = "CheapSkiesFinal", "CheapSkiesFinal\CheapSkiesFinal.csproj", "{9DE82303-B0B4-46FB-B8AB-F21B6C5E1618}"
EndProject
Global
	GlobalSection(SolutionConfigurationPlatforms) = preSolution
		Debug|Any CPU = Debug|Any CPU
		Release|Any CPU = Release|Any CPU
	EndGlobalSection
	GlobalSection(ProjectConfigurationPlatforms) = postSolution
		{A761CE6B-F259-43B1-AFB3-50F3C3EE52D3}.Debug|Any CPU.ActiveCfg = Debug|Any CPU
		{A761CE6B-F259-43B1-AFB3-50F3C3EE52D3}.Debug|Any CPU.Build.0 = Debug|Any CPU
		{A761CE6B-F259-43B1-AFB3-50F3C3EE52D3}.Release|Any CPU.ActiveCfg = Release|Any CPU
		{A761CE6B-F259-43B1-AFB3-50F3C3EE52D3}.Release|Any CPU.Build.0 = Release|Any CPU
		{24B7FA0E-E5BC-4BEF-949B-A69B4C327827}.Debug|Any CPU.ActiveCfg = Debug|Any CPU
		{24B7FA0E-E5BC-4BEF-949B-A69B4C327827}.Debug|Any CPU.Build.0 = Debug|Any CPU
		{24B7FA0E-E5BC-4BEF-949B-A69B4C327827}.Release|Any CPU.ActiveCfg = Release|Any CPU
		{24B7FA0E-E5BC-4BEF-949B-A69B4C327827}.Release|Any CPU.Build.0 = Release|Any CPU
		{C6D6DF03-1F70-4667-A6EB-4256BFE4C8BB}.Debug|Any CPU.ActiveCfg = Debug|Any CPU
		{C6D6DF03-1F70-4667-A6EB-4256BFE4C8BB}.Debug|Any CPU.Build.0 = Debug|Any CPU
		{C6D6DF03-1F70-4667-A6EB-4256BFE4C8BB}.Release|Any CPU.ActiveCfg = Release|Any CPU
		{C6D6DF03-1F70-4667-A6EB-4256BFE4C8BB}.Release|Any CPU.Build.0 = Release|Any CPU
		{1DBB4B8A-E4F2-4351-9E8D-5F63CEDFB8A5}.Debug|Any CPU.ActiveCfg = Debug|Any CPU
		{1DBB4B8A-E4F2-4351-9E8D-5F63CEDFB8A5}.Debug|Any CPU.Build.0 = Debug|Any CPU
		{1DBB4B8A-E4F2-4351-9E8D-5F63CEDFB8A5}.Release|Any CPU.ActiveCfg = Release|Any CPU
		{1DBB4B8A-E4F2-4351-9E8D-5F63CEDFB8A5}.Release|Any CPU.Build.0 = Release|Any CPU
		{AAC238A7-A329-4BCC-B5B0-08C238A9C2E4}.Debug|Any CPU.ActiveCfg = Debug|Any CPU
		{AAC238A7-A329-4BCC-B5B0-08C238A9C2E4}.Debug|Any CPU.Build.0 = Debug|Any CPU
		{AAC238A7-A329-4BCC-B5B0-08C238A9C2E4}.Release|Any CPU.ActiveCfg = Release|Any CPU
		{AAC238A7-A329-4BCC-B5B0-08C238A9C2E4}.Release|Any CPU.Build.0 = Release|Any CPU
		{BB96ABF2-07AE-4616-BEF4-F8A7D706CCFC}.Debug|Any CPU.ActiveCfg = Debug|Any CPU
		{BB96ABF2-07AE-4616-BEF4-F8A7D706CCFC}.Debug|Any CPU.Build.0 = Debug|Any CPU
		{BB96ABF2-07AE-4616-BEF4-F8A7D706CCFC}.Release|Any CPU.ActiveCfg = Release|Any CPU
		{BB96ABF2-07AE-4616-BEF4-F8A7D706CCFC}.Release|Any CPU.Build.0 = Release|Any CPU
		{733F5C2E-F692-448E-B0EB-9F7930A11488}.Debug|Any CPU.ActiveCfg = Debug|Any CPU
		{733F5C2E-F692-448E-B0EB-9F7930A11488}.Debug|Any CPU.Build.0 = Debug|Any CPU
		{733F5C2E-F692-448E-B0EB-9F7930A11488}.Release|Any CPU.ActiveCfg = Release|Any CPU
		{733F5C2E-F692-448E-B0EB-9F7930A11488}.Release|Any CPU.Build.0 = Release|Any CPU
		{0CC48389-4367-41F3-9355-E9522327D1CF}.Debug|Any CPU.ActiveCfg = Debug|Any CPU
		{0CC48389-4367-41F3-9355-E9522327D1CF}.Debug|Any CPU.Build.0 = Debug|Any CPU
		{0CC48389-4367-41F3-9355-E9522327D1CF}.Release|Any CPU.ActiveCfg = Release|Any CPU
		{0CC48389-4367-41F3-9355-E9522327D1CF}.Release|Any CPU.Build.0 = Release|Any CPU
		{C2B5EF13-4240-4B8D-9246-2D47C9C06C74}.Debug|Any CPU.ActiveCfg = Debug|Any CPU
		{C2B5EF13-4240-4B8D-9246-2D47C9C06C74}.Debug|Any CPU.Build.0 = Debug|Any CPU
		{C2B5EF13-4240-4B8D-9246-2D47C9C06C74}.Release|Any CPU.ActiveCfg = Release|Any CPU
		{C2B5EF13-4240-4B8D-9246-2D47C9C06C74}.Release|Any CPU.Build.0 = Release|Any CPU
		{B655DC74-877C-451B-9E19-FFD5548C309E}.Debug|Any CPU.ActiveCfg = Debug|Any CPU
		{B655DC74-877C-451B-9E19-FFD5548C309E}.Debug|Any CPU.Build.0 = Debug|Any CPU
		{B655DC74-877C-451B-9E19-FFD5548C309E}.Release|Any CPU.ActiveCfg = Release|Any CPU
		{B655DC74-877C-451B-9E19-FFD5548C309E}.Release|Any CPU.Build.0 = Release|Any CPU
		{9DE82303-B0B4-46FB-B8AB-F21B6C5E1618}.Debug|Any CPU.ActiveCfg = Debug|Any CPU
		{9DE82303-B0B4-46FB-B8AB-F21B6C5E1618}.Debug|Any CPU.Build.0 = Debug|Any CPU
		{9DE82303-B0B4-46FB-B8AB-F21B6C5E1618}.Release|Any CPU.ActiveCfg = Release|Any CPU
		{9DE82303-B0B4-46FB-B8AB-F21B6C5E1618}.Release|Any CPU.Build.0 = Release|Any CPU
	EndGlobalSection
	GlobalSection(SolutionProperties) = preSolution
		HideSolutionNode = FALSE
	EndGlobalSection
	GlobalSection(NestedProjects) = preSolution
		{36DC873B-9DFD-4412-A2E4-13801E9403D4} = {6EFCF10E-1BD2-4D23-9F7E-9C0AA18D1EC9}
		{81BE7A45-6B05-474C-851F-E947B5B6DF70} = {6EFCF10E-1BD2-4D23-9F7E-9C0AA18D1EC9}
		{50DDA958-225E-441E-A135-8E30B1C242CF} = {6EFCF10E-1BD2-4D23-9F7E-9C0AA18D1EC9}
		{AB9C4306-19DB-4025-9925-4775A1464BE6} = {6EFCF10E-1BD2-4D23-9F7E-9C0AA18D1EC9}
		{AAC238A7-A329-4BCC-B5B0-08C238A9C2E4} = {36DC873B-9DFD-4412-A2E4-13801E9403D4}
		{BB96ABF2-07AE-4616-BEF4-F8A7D706CCFC} = {50DDA958-225E-441E-A135-8E30B1C242CF}
		{733F5C2E-F692-448E-B0EB-9F7930A11488} = {81BE7A45-6B05-474C-851F-E947B5B6DF70}
		{0CC48389-4367-41F3-9355-E9522327D1CF} = {2DD8D2F8-F1B1-4B4C-9F0E-4B57CCA1A6A3}
		{C2B5EF13-4240-4B8D-9246-2D47C9C06C74} = {ABDB7886-4A5C-4892-8568-E67B356342DC}
		{B655DC74-877C-451B-9E19-FFD5548C309E} = {AB9C4306-19DB-4025-9925-4775A1464BE6}
	EndGlobalSection
	GlobalSection(ExtensibilityGlobals) = postSolution
		SolutionGuid = {36D174F1-F193-4BBB-9D5A-27703C9FFB7F}
	EndGlobalSection
EndGlobal
